// !$*UTF8*$!
{
	archiveVersion = 1;
	classes = {
	};
	objectVersion = 46;
	objects = {

/* Begin PBXBuildFile section */
		6B03A8351B941B0D0015AE34 /* main.m in Sources */ = {isa = PBXBuildFile; fileRef = 6B03A8341B941B0D0015AE34 /* main.m */; };
		6B03A8381B941B0D0015AE34 /* AppDelegate.m in Sources */ = {isa = PBXBuildFile; fileRef = 6B03A8371B941B0D0015AE34 /* AppDelegate.m */; };
		6B03A83B1B941B0D0015AE34 /* ViewController.m in Sources */ = {isa = PBXBuildFile; fileRef = 6B03A83A1B941B0D0015AE34 /* ViewController.m */; };
		6B03A83E1B941B0D0015AE34 /* Main.storyboard in Resources */ = {isa = PBXBuildFile; fileRef = 6B03A83C1B941B0D0015AE34 /* Main.storyboard */; };
		6B03A8401B941B0D0015AE34 /* Images.xcassets in Resources */ = {isa = PBXBuildFile; fileRef = 6B03A83F1B941B0D0015AE34 /* Images.xcassets */; };
		6B03A8431B941B0D0015AE34 /* LaunchScreen.xib in Resources */ = {isa = PBXBuildFile; fileRef = 6B03A8411B941B0D0015AE34 /* LaunchScreen.xib */; };
		6B03A84F1B941B0D0015AE34 /* _0150831Tests.m in Sources */ = {isa = PBXBuildFile; fileRef = 6B03A84E1B941B0D0015AE34 /* _0150831Tests.m */; };
/* End PBXBuildFile section */

/* Begin PBXContainerItemProxy section */
		6B03A8491B941B0D0015AE34 /* PBXContainerItemProxy */ = {
			isa = PBXContainerItemProxy;
			containerPortal = 6B03A8271B941B0D0015AE34 /* Project object */;
			proxyType = 1;
			remoteGlobalIDString = 6B03A82E1B941B0D0015AE34;
			remoteInfo = 20150831;
		};
/* End PBXContainerItemProxy section */

/* Begin PBXFileReference section */
		6B03A82F1B941B0D0015AE34 /* 20150831.app */ = {isa = PBXFileReference; explicitFileType = wrapper.application; includeInIndex = 0; path = 20150831.app; sourceTree = BUILT_PRODUCTS_DIR; };
		6B03A8331B941B0D0015AE34 /* Info.plist */ = {isa = PBXFileReference; lastKnownFileType = text.plist.xml; path = Info.plist; sourceTree = "<group>"; };
		6B03A8341B941B0D0015AE34 /* main.m */ = {isa = PBXFileReference; lastKnownFileType = sourcecode.c.objc; path = main.m; sourceTree = "<group>"; };
		6B03A8361B941B0D0015AE34 /* AppDelegate.h */ = {isa = PBXFileReference; lastKnownFileType = sourcecode.c.h; path = AppDelegate.h; sourceTree = "<group>"; };
		6B03A8371B941B0D0015AE34 /* AppDelegate.m */ = {isa = PBXFileReference; lastKnownFileType = sourcecode.c.objc; path = AppDelegate.m; sourceTree = "<group>"; };
		6B03A8391B941B0D0015AE34 /* ViewController.h */ = {isa = PBXFileReference; lastKnownFileType = sourcecode.c.h; path = ViewController.h; sourceTree = "<group>"; };
		6B03A83A1B941B0D0015AE34 /* ViewController.m */ = {isa = PBXFileReference; lastKnownFileType = sourcecode.c.objc; path = ViewController.m; sourceTree = "<group>"; };
		6B03A83D1B941B0D0015AE34 /* Base */ = {isa = PBXFileReference; lastKnownFileType = file.storyboard; name = Base; path = Base.lproj/Main.storyboard; sourceTree = "<group>"; };
		6B03A83F1B941B0D0015AE34 /* Images.xcassets */ = {isa = PBXFileReference; lastKnownFileType = folder.assetcatalog; path = Images.xcassets; sourceTree = "<group>"; };
		6B03A8421B941B0D0015AE34 /* Base */ = {isa = PBXFileReference; lastKnownFileType = file.xib; name = Base; path = Base.lproj/LaunchScreen.xib; sourceTree = "<group>"; };
		6B03A8481B941B0D0015AE34 /* 20150831Tests.xctest */ = {isa = PBXFileReference; explicitFileType = wrapper.cfbundle; includeInIndex = 0; path = 20150831Tests.xctest; sourceTree = BUILT_PRODUCTS_DIR; };
		6B03A84D1B941B0D0015AE34 /* Info.plist */ = {isa = PBXFileReference; lastKnownFileType = text.plist.xml; path = Info.plist; sourceTree = "<group>"; };
		6B03A84E1B941B0D0015AE34 /* _0150831Tests.m */ = {isa = PBXFileReference; lastKnownFileType = sourcecode.c.objc; path = _0150831Tests.m; sourceTree = "<group>"; };
/* End PBXFileReference section */

/* Begin PBXFrameworksBuildPhase section */
		6B03A82C1B941B0D0015AE34 /* Frameworks */ = {
			isa = PBXFrameworksBuildPhase;
			buildActionMask = 2147483647;
			files = (
			);
			runOnlyForDeploymentPostprocessing = 0;
		};
		6B03A8451B941B0D0015AE34 /* Frameworks */ = {
			isa = PBXFrameworksBuildPhase;
			buildActionMask = 2147483647;
			files = (
			);
			runOnlyForDeploymentPostprocessing = 0;
		};
/* End PBXFrameworksBuildPhase section */

/* Begin PBXGroup section */
		6B03A8261B941B0D0015AE34 = {
			isa = PBXGroup;
			children = (
				6B03A8311B941B0D0015AE34 /* 20150831 */,
				6B03A84B1B941B0D0015AE34 /* 20150831Tests */,
				6B03A8301B941B0D0015AE34 /* Products */,
			);
			sourceTree = "<group>";
		};
		6B03A8301B941B0D0015AE34 /* Products */ = {
			isa = PBXGroup;
			children = (
				6B03A82F1B941B0D0015AE34 /* 20150831.app */,
				6B03A8481B941B0D0015AE34 /* 20150831Tests.xctest */,
			);
			name = Products;
			sourceTree = "<group>";
		};
		6B03A8311B941B0D0015AE34 /* 20150831 */ = {
			isa = PBXGroup;
			children = (
				6B03A8361B941B0D0015AE34 /* AppDelegate.h */,
				6B03A8371B941B0D0015AE34 /* AppDelegate.m */,
				6B03A8391B941B0D0015AE34 /* ViewController.h */,
				6B03A83A1B941B0D0015AE34 /* ViewController.m */,
				6B03A83C1B941B0D0015AE34 /* Main.storyboard */,
				6B03A83F1B941B0D0015AE34 /* Images.xcassets */,
				6B03A8411B941B0D0015AE34 /* LaunchScreen.xib */,
				6B03A8321B941B0D0015AE34 /* Supporting Files */,
			);
			path = 20150831;
			sourceTree = "<group>";
		};
		6B03A8321B941B0D0015AE34 /* Supporting Files */ = {
			isa = PBXGroup;
			children = (
				6B03A8331B941B0D0015AE34 /* Info.plist */,
				6B03A8341B941B0D0015AE34 /* main.m */,
			);
			name = "Supporting Files";
			sourceTree = "<group>";
		};
		6B03A84B1B941B0D0015AE34 /* 20150831Tests */ = {
			isa = PBXGroup;
			children = (
				6B03A84E1B941B0D0015AE34 /* _0150831Tests.m */,
				6B03A84C1B941B0D0015AE34 /* Supporting Files */,
			);
			path = 20150831Tests;
			sourceTree = "<group>";
		};
		6B03A84C1B941B0D0015AE34 /* Supporting Files */ = {
			isa = PBXGroup;
			children = (
				6B03A84D1B941B0D0015AE34 /* Info.plist */,
			);
			name = "Supporting Files";
			sourceTree = "<group>";
		};
/* End PBXGroup section */

/* Begin PBXNativeTarget section */
		6B03A82E1B941B0D0015AE34 /* 20150831 */ = {
			isa = PBXNativeTarget;
			buildConfigurationList = 6B03A8521B941B0D0015AE34 /* Build configuration list for PBXNativeTarget "20150831" */;
			buildPhases = (
				6B03A82B1B941B0D0015AE34 /* Sources */,
				6B03A82C1B941B0D0015AE34 /* Frameworks */,
				6B03A82D1B941B0D0015AE34 /* Resources */,
			);
			buildRules = (
			);
			dependencies = (
			);
			name = 20150831;
			productName = 20150831;
			productReference = 6B03A82F1B941B0D0015AE34 /* 20150831.app */;
			productType = "com.apple.product-type.application";
		};
		6B03A8471B941B0D0015AE34 /* 20150831Tests */ = {
			isa = PBXNativeTarget;
			buildConfigurationList = 6B03A8551B941B0D0015AE34 /* Build configuration list for PBXNativeTarget "20150831Tests" */;
			buildPhases = (
				6B03A8441B941B0D0015AE34 /* Sources */,
				6B03A8451B941B0D0015AE34 /* Frameworks */,
				6B03A8461B941B0D0015AE34 /* Resources */,
			);
			buildRules = (
			);
			dependencies = (
				6B03A84A1B941B0D0015AE34 /* PBXTargetDependency */,
			);
			name = 20150831Tests;
			productName = 20150831Tests;
			productReference = 6B03A8481B941B0D0015AE34 /* 20150831Tests.xctest */;
			productType = "com.apple.product-type.bundle.unit-test";
		};
/* End PBXNativeTarget section */

/* Begin PBXProject section */
		6B03A8271B941B0D0015AE34 /* Project object */ = {
			isa = PBXProject;
			attributes = {
				LastUpgradeCheck = 0640;
				ORGANIZATIONNAME = qzw;
				TargetAttributes = {
					6B03A82E1B941B0D0015AE34 = {
						CreatedOnToolsVersion = 6.4;
					};
					6B03A8471B941B0D0015AE34 = {
						CreatedOnToolsVersion = 6.4;
						TestTargetID = 6B03A82E1B941B0D0015AE34;
					};
				};
			};
			buildConfigurationList = 6B03A82A1B941B0D0015AE34 /* Build configuration list for PBXProject "20150831" */;
			compatibilityVersion = "Xcode 3.2";
			developmentRegion = English;
			hasScannedForEncodings = 0;
			knownRegions = (
				en,
				Base,
			);
			mainGroup = 6B03A8261B941B0D0015AE34;
			productRefGroup = 6B03A8301B941B0D0015AE34 /* Products */;
			projectDirPath = "";
			projectRoot = "";
			targets = (
				6B03A82E1B941B0D0015AE34 /* 20150831 */,
				6B03A8471B941B0D0015AE34 /* 20150831Tests */,
			);
		};
/* End PBXProject section */

/* Begin PBXResourcesBuildPhase section */
		6B03A82D1B941B0D0015AE34 /* Resources */ = {
			isa = PBXResourcesBuildPhase;
			buildActionMask = 2147483647;
			files = (
				6B03A83E1B941B0D0015AE34 /* Main.storyboard in Resources */,
				6B03A8431B941B0D0015AE34 /* LaunchScreen.xib in Resources */,
				6B03A8401B941B0D0015AE34 /* Images.xcassets in Resources */,
			);
			runOnlyForDeploymentPostprocessing = 0;
		};
		6B03A8461B941B0D0015AE34 /* Resources */ = {
			isa = PBXResourcesBuildPhase;
			buildActionMask = 2147483647;
			files = (
			);
			runOnlyForDeploymentPostprocessing = 0;
		};
/* End PBXResourcesBuildPhase section */

/* Begin PBXSourcesBuildPhase section */
		6B03A82B1B941B0D0015AE34 /* Sources */ = {
			isa = PBXSourcesBuildPhase;
			buildActionMask = 2147483647;
			files = (
				6B03A83B1B941B0D0015AE34 /* ViewController.m in Sources */,
				6B03A8381B941B0D0015AE34 /* AppDelegate.m in Sources */,
				6B03A8351B941B0D0015AE34 /* main.m in Sources */,
			);
			runOnlyForDeploymentPostprocessing = 0;
		};
		6B03A8441B941B0D0015AE34 /* Sources */ = {
			isa = PBXSourcesBuildPhase;
			buildActionMask = 2147483647;
			files = (
				6B03A84F1B941B0D0015AE34 /* _0150831Tests.m in Sources */,
			);
			runOnlyForDeploymentPostprocessing = 0;
		};
/* End PBXSourcesBuildPhase section */

/* Begin PBXTargetDependency section */
		6B03A84A1B941B0D0015AE34 /* PBXTargetDependency */ = {
			isa = PBXTargetDependency;
			target = 6B03A82E1B941B0D0015AE34 /* 20150831 */;
			targetProxy = 6B03A8491B941B0D0015AE34 /* PBXContainerItemProxy */;
		};
/* End PBXTargetDependency section */

/* Begin PBXVariantGroup section */
		6B03A83C1B941B0D0015AE34 /* Main.storyboard */ = {
			isa = PBXVariantGroup;
			children = (
				6B03A83D1B941B0D0015AE34 /* Base */,
			);
			name = Main.storyboard;
			sourceTree = "<group>";
		};
		6B03A8411B941B0D0015AE34 /* LaunchScreen.xib */ = {
			isa = PBXVariantGroup;
			children = (
				6B03A8421B941B0D0015AE34 /* Base */,
			);
			name = LaunchScreen.xib;
			sourceTree = "<group>";
		};
/* End PBXVariantGroup section */

/* Begin XCBuildConfiguration section */
		6B03A8501B941B0D0015AE34 /* Debug */ = {
			isa = XCBuildConfiguration;
			buildSettings = {
				ALWAYS_SEARCH_USER_PATHS = NO;
				CLANG_CXX_LANGUAGE_STANDARD = "gnu++0x";
				CLANG_CXX_LIBRARY = "libc++";
				CLANG_ENABLE_MODULES = YES;
				CLANG_ENABLE_OBJC_ARC = YES;
				CLANG_WARN_BOOL_CONVERSION = YES;
				CLANG_WARN_CONSTANT_CONVERSION = YES;
				CLANG_WARN_DIRECT_OBJC_ISA_USAGE = YES_ERROR;
				CLANG_WARN_EMPTY_BODY = YES;
				CLANG_WARN_ENUM_CONVERSION = YES;
				CLANG_WARN_INT_CONVERSION = YES;
				CLANG_WARN_OBJC_ROOT_CLASS = YES_ERROR;
				CLANG_WARN_UNREACHABLE_CODE = YES;
				CLANG_WARN__DUPLICATE_METHOD_MATCH = YES;
				"CODE_SIGN_IDENTITY[sdk=iphoneos*]" = "iPhone Developer";
				COPY_PHASE_STRIP = NO;
				DEBUG_INFORMATION_FORMAT = "dwarf-with-dsym";
				ENABLE_STRICT_OBJC_MSGSEND = YES;
				GCC_C_LANGUAGE_STANDARD = gnu99;
				GCC_DYNAMIC_NO_PIC = NO;
				GCC_NO_COMMON_BLOCKS = YES;
				GCC_OPTIMIZATION_LEVEL = 0;
				GCC_PREPROCESSOR_DEFINITIONS = (
					"DEBUG=1",
					"$(inherited)",
				);
				GCC_SYMBOLS_PRIVATE_EXTERN = NO;
				GCC_WARN_64_TO_32_BIT_CONVERSION = YES;
				GCC_WARN_ABOUT_RETURN_TYPE = YES_ERROR;
				GCC_WARN_UNDECLARED_SELECTOR = YES;
				GCC_WARN_UNINITIALIZED_AUTOS = YES_AGGRESSIVE;
				GCC_WARN_UNUSED_FUNCTION = YES;
				GCC_WARN_UNUSED_VARIABLE = YES;
				IPHONEOS_DEPLOYMENT_TARGET = 8.4;
				MTL_ENABLE_DEBUG_INFO = YES;
				ONLY_ACTIVE_ARCH = YES;
				SDKROOT = iphoneos;
				TARGETED_DEVICE_FAMILY = "1,2";
			};
			name = Debug;
		};
		6B03A8511B941B0D0015AE34 /* Release */ = {
			isa = XCBuildConfiguration;
			buildSettings = {
				ALWAYS_SEARCH_USER_PATHS = NO;
				CLANG_CXX_LANGUAGE_STANDARD = "gnu++0x";
				CLANG_CXX_LIBRARY = "libc++";
				CLANG_ENABLE_MODULES = YES;
				CLANG_ENABLE_OBJC_ARC = YES;
				CLANG_WARN_BOOL_CONVERSION = YES;
				CLANG_WARN_CONSTANT_CONVERSION = YES;
				CLANG_WARN_DIRECT_OBJC_ISA_USAGE = YES_ERROR;
				CLANG_WARN_EMPTY_BODY = YES;
				CLANG_WARN_ENUM_CONVERSION = YES;
				CLANG_WARN_INT_CONVERSION = YES;
				CLANG_WARN_OBJC_ROOT_CLASS = YES_ERROR;
				CLANG_WARN_UNREACHABLE_CODE = YES;
				CLANG_WARN__DUPLICATE_METHOD_MATCH = YES;
				"CODE_SIGN_IDENTITY[sdk=iphoneos*]" = "iPhone Developer";
				COPY_PHASE_STRIP = NO;
				DEBUG_INFORMATION_FORMAT = "dwarf-with-dsym";
				ENABLE_NS_ASSERTIONS = NO;
				ENABLE_STRICT_OBJC_MSGSEND = YES;
				GCC_C_LANGUAGE_STANDARD = gnu99;
				GCC_NO_COMMON_BLOCKS = YES;
				GCC_WARN_64_TO_32_BIT_CONVERSION = YES;
				GCC_WARN_ABOUT_RETURN_TYPE = YES_ERROR;
				GCC_WARN_UNDECLARED_SELECTOR = YES;
				GCC_WARN_UNINITIALIZED_AUTOS = YES_AGGRESSIVE;
				GCC_WARN_UNUSED_FUNCTION = YES;
				GCC_WARN_UNUSED_VARIABLE = YES;
				IPHONEOS_DEPLOYMENT_TARGET = 8.4;
				MTL_ENABLE_DEBUG_INFO = NO;
				SDKROOT = iphoneos;
				TARGETED_DEVICE_FAMILY = "1,2";
				VALIDATE_PRODUCT = YES;
			};
			name = Release;
		};
		6B03A8531B941B0D0015AE34 /* Debug */ = {
			isa = XCBuildConfiguration;
			buildSettings = {
				ASSETCATALOG_COMPILER_APPICON_NAME = AppIcon;
				INFOPLIST_FILE = 20150831/Info.plist;
				LD_RUNPATH_SEARCH_PATHS = "$(inherited) @executable_path/Frameworks";
				PRODUCT_NAME = "$(TARGET_NAME)";
			};
			name = Debug;
		};
		6B03A8541B941B0D0015AE34 /* Release */ = {
			isa = XCBuildConfiguration;
			buildSettings = {
				ASSETCATALOG_COMPILER_APPICON_NAME = AppIcon;
				INFOPLIST_FILE = 20150831/Info.plist;
				LD_RUNPATH_SEARCH_PATHS = "$(inherited) @executable_path/Frameworks";
				PRODUCT_NAME = "$(TARGET_NAME)";
			};
			name = Release;
		};
		6B03A8561B941B0D0015AE34 /* Debug */ = {
			isa = XCBuildConfiguration;
			buildSettings = {
				BUNDLE_LOADER = "$(TEST_HOST)";
				FRAMEWORK_SEARCH_PATHS = (
					"$(SDKROOT)/Developer/Library/Frameworks",
					"$(inherited)",
				);
				GCC_PREPROCESSOR_DEFINITIONS = (
					"DEBUG=1",
					"$(inherited)",
				);
				INFOPLIST_FILE = 20150831Tests/Info.plist;
				LD_RUNPATH_SEARCH_PATHS = "$(inherited) @executable_path/Frameworks @loader_path/Frameworks";
				PRODUCT_NAME = "$(TARGET_NAME)";
				TEST_HOST = "$(BUILT_PRODUCTS_DIR)/20150831.app/20150831";
			};
			name = Debug;
		};
		6B03A8571B941B0D0015AE34 /* Release */ = {
			isa = XCBuildConfiguration;
			buildSettings = {
				BUNDLE_LOADER = "$(TEST_HOST)";
				FRAMEWORK_SEARCH_PATHS = (
					"$(SDKROOT)/Developer/Library/Frameworks",
					"$(inherited)",
				);
				INFOPLIST_FILE = 20150831Tests/Info.plist;
				LD_RUNPATH_SEARCH_PATHS = "$(inherited) @executable_path/Frameworks @loader_path/Frameworks";
				PRODUCT_NAME = "$(TARGET_NAME)";
				TEST_HOST = "$(BUILT_PRODUCTS_DIR)/20150831.app/20150831";
			};
			name = Release;
		};
/* End XCBuildConfiguration section */

/* Begin XCConfigurationList section */
		6B03A82A1B941B0D0015AE34 /* Build configuration list for PBXProject "20150831" */ = {
			isa = XCConfigurationList;
			buildConfigurations = (
				6B03A8501B941B0D0015AE34 /* Debug */,
				6B03A8511B941B0D0015AE34 /* Release */,
			);
			defaultConfigurationIsVisible = 0;
			defaultConfigurationName = Release;
		};
		6B03A8521B941B0D0015AE34 /* Build configuration list for PBXNativeTarget "20150831" */ = {
			isa = XCConfigurationList;
			buildConfigurations = (
				6B03A8531B941B0D0015AE34 /* Debug */,
				6B03A8541B941B0D0015AE34 /* Release */,
			);
			defaultConfigurationIsVisible = 0;
		};
		6B03A8551B941B0D0015AE34 /* Build configuration list for PBXNativeTarget "20150831Tests" */ = {
			isa = XCConfigurationList;
			buildConfigurations = (
				6B03A8561B941B0D0015AE34 /* Debug */,
				6B03A8571B941B0D0015AE34 /* Release */,
			);
			defaultConfigurationIsVisible = 0;
		};
/* End XCConfigurationList section */
	};
	rootObject = 6B03A8271B941B0D0015AE34 /* Project object */;
}
